
Microsoft Visual Studio Solution File, Format Version 12.00
# Visual Studio 15
VisualStudioVersion = 15.0.28307.779
MinimumVisualStudioVersion = 10.0.40219.1
Project("{FAE04EC0-301F-11D3-BF4B-00C04F79EFBC}") = "GUNI_MATRIX", "GUNI_MATRIX\GUNI_MATRIX.csproj", "{CB633829-E62B-4C0B-8DBD-B7D1815F6991}"
EndProject
Global
	GlobalSection(SolutionConfigurationPlatforms) = preSolution
		Debug|Any CPU = Debug|Any CPU
		Release|Any CPU = Release|Any CPU
	EndGlobalSection
	GlobalSection(ProjectConfigurationPlatforms) = postSolution
		{CB633829-E62B-4C0B-8DBD-B7D1815F6991}.Debug|Any CPU.ActiveCfg = Debug|Any CPU
		{CB633829-E62B-4C0B-8DBD-B7D1815F6991}.Debug|Any CPU.Build.0 = Debug|Any CPU
		{CB633829-E62B-4C0B-8DBD-B7D1815F6991}.Release|Any CPU.ActiveCfg = Release|Any CPU
		{CB633829-E62B-4C0B-8DBD-B7D1815F6991}.Release|Any CPU.Build.0 = Release|Any CPU
	EndGlobalSection
	GlobalSection(SolutionProperties) = preSolution
		HideSolutionNode = FALSE
	EndGlobalSection
	GlobalSection(ExtensibilityGlobals) = postSolution
		SolutionGuid = {4CBEB0B5-7129-4DCC-ACC1-90B1CD45B78C}
	EndGlobalSection
EndGlobal
